
Microsoft Visual Studio Solution File, Format Version 12.00
# Visual Studio 15
VisualStudioVersion = 15.0.27703.2026
MinimumVisualStudioVersion = 10.0.40219.1
Project("{FAE04EC0-301F-11D3-BF4B-00C04F79EFBC}") = "Albireo.Base32", "Albireo.Base32\Albireo.Base32.csproj", "{17CB32FE-595D-48D8-B5C7-3A348456BC39}"
EndProject
Project("{FAE04EC0-301F-11D3-BF4B-00C04F79EFBC}") = "Albireo.Base32.Tests", "Albireo.Base32.Tests\Albireo.Base32.Tests.csproj", "{4737D4C8-15C5-4F2A-9290-CDECFBED484B}"
EndProject
Global
	GlobalSection(SolutionConfigurationPlatforms) = preSolution
		Debug|Any CPU = Debug|Any CPU
		Release|Any CPU = Release|Any CPU
	EndGlobalSection
	GlobalSection(ProjectConfigurationPlatforms) = postSolution
		{17CB32FE-595D-48D8-B5C7-3A348456BC39}.Debug|Any CPU.ActiveCfg = Debug|Any CPU
		{17CB32FE-595D-48D8-B5C7-3A348456BC39}.Debug|Any CPU.Build.0 = Debug|Any CPU
		{17CB32FE-595D-48D8-B5C7-3A348456BC39}.Release|Any CPU.ActiveCfg = Release|Any CPU
		{17CB32FE-595D-48D8-B5C7-3A348456BC39}.Release|Any CPU.Build.0 = Release|Any CPU
		{4737D4C8-15C5-4F2A-9290-CDECFBED484B}.Debug|Any CPU.ActiveCfg = Debug|Any CPU
		{4737D4C8-15C5-4F2A-9290-CDECFBED484B}.Debug|Any CPU.Build.0 = Debug|Any CPU
		{4737D4C8-15C5-4F2A-9290-CDECFBED484B}.Release|Any CPU.ActiveCfg = Release|Any CPU
		{4737D4C8-15C5-4F2A-9290-CDECFBED484B}.Release|Any CPU.Build.0 = Release|Any CPU
	EndGlobalSection
	GlobalSection(SolutionProperties) = preSolution
		HideSolutionNode = FALSE
	EndGlobalSection
	GlobalSection(ExtensibilityGlobals) = postSolution
		SolutionGuid = {FDDF547A-78B8-496E-B6E9-32AFFF1094C2}
	EndGlobalSection
EndGlobal
